
Microsoft Visual Studio Solution File, Format Version 12.00
# Visual Studio 14
VisualStudioVersion = 14.0.25420.1
MinimumVisualStudioVersion = 10.0.40219.1
Project("{FAE04EC0-301F-11D3-BF4B-00C04F79EFBC}") = "ASP.NET MVC", "ASP.NET MVC\ASP.NET MVC.csproj", "{01D0CEA9-D4FE-4461-BADF-9109B6B853BD}"
EndProject
Global
	GlobalSection(SolutionConfigurationPlatforms) = preSolution
		Debug|Any CPU = Debug|Any CPU
		Release|Any CPU = Release|Any CPU
	EndGlobalSection
	GlobalSection(ProjectConfigurationPlatforms) = postSolution
		{01D0CEA9-D4FE-4461-BADF-9109B6B853BD}.Debug|Any CPU.ActiveCfg = Debug|Any CPU
		{01D0CEA9-D4FE-4461-BADF-9109B6B853BD}.Debug|Any CPU.Build.0 = Debug|Any CPU
		{01D0CEA9-D4FE-4461-BADF-9109B6B853BD}.Release|Any CPU.ActiveCfg = Release|Any CPU
		{01D0CEA9-D4FE-4461-BADF-9109B6B853BD}.Release|Any CPU.Build.0 = Release|Any CPU
	EndGlobalSection
	GlobalSection(SolutionProperties) = preSolution
		HideSolutionNode = FALSE
	EndGlobalSection
	GlobalSection(TeamFoundationVersionControl) = preSolution
		SccNumberOfProjects = 2
		SccEnterpriseProvider = {4CA58AB2-18FA-4F8D-95D4-32DDF27D184C}
		SccTeamFoundationServer = https://wolfgangofner.visualstudio.com/
		SccLocalPath0 = .
		SccProjectUniqueName1 = ASP.NET\u0020MVC\\ASP.NET\u0020MVC.csproj
		SccProjectName1 = ASP.NET\u0020MVC
		SccLocalPath1 = ASP.NET\u0020MVC
	EndGlobalSection
EndGlobal
